
Microsoft Visual Studio Solution File, Format Version 12.00
# Visual Studio Version 16
VisualStudioVersion = 16.0.32413.511
MinimumVisualStudioVersion = 10.0.40219.1
Project("{FAE04EC0-301F-11D3-BF4B-00C04F79EFBC}") = "docker.unittest", "docker.unittest\docker.unittest.csproj", "{4A06C777-B1ED-49B5-AC63-F12EFF0B5207}"
EndProject
Project("{FAE04EC0-301F-11D3-BF4B-00C04F79EFBC}") = "docker.redis", "docker.redis\docker.redis.csproj", "{9D001CA2-27D2-485A-AE36-CDA3ADFDB62C}"
EndProject
Project("{FAE04EC0-301F-11D3-BF4B-00C04F79EFBC}") = "docker.sqlserver", "docker.sqlserver\docker.sqlserver.csproj", "{57ED7A73-D280-4FDC-AA61-B9412AF7FBE5}"
EndProject
Global
	GlobalSection(SolutionConfigurationPlatforms) = preSolution
		Debug|Any CPU = Debug|Any CPU
		Release|Any CPU = Release|Any CPU
	EndGlobalSection
	GlobalSection(ProjectConfigurationPlatforms) = postSolution
		{4A06C777-B1ED-49B5-AC63-F12EFF0B5207}.Debug|Any CPU.ActiveCfg = Debug|Any CPU
		{4A06C777-B1ED-49B5-AC63-F12EFF0B5207}.Debug|Any CPU.Build.0 = Debug|Any CPU
		{4A06C777-B1ED-49B5-AC63-F12EFF0B5207}.Release|Any CPU.ActiveCfg = Release|Any CPU
		{4A06C777-B1ED-49B5-AC63-F12EFF0B5207}.Release|Any CPU.Build.0 = Release|Any CPU
		{9D001CA2-27D2-485A-AE36-CDA3ADFDB62C}.Debug|Any CPU.ActiveCfg = Debug|Any CPU
		{9D001CA2-27D2-485A-AE36-CDA3ADFDB62C}.Debug|Any CPU.Build.0 = Debug|Any CPU
		{9D001CA2-27D2-485A-AE36-CDA3ADFDB62C}.Release|Any CPU.ActiveCfg = Release|Any CPU
		{9D001CA2-27D2-485A-AE36-CDA3ADFDB62C}.Release|Any CPU.Build.0 = Release|Any CPU
		{57ED7A73-D280-4FDC-AA61-B9412AF7FBE5}.Debug|Any CPU.ActiveCfg = Debug|Any CPU
		{57ED7A73-D280-4FDC-AA61-B9412AF7FBE5}.Debug|Any CPU.Build.0 = Debug|Any CPU
		{57ED7A73-D280-4FDC-AA61-B9412AF7FBE5}.Release|Any CPU.ActiveCfg = Release|Any CPU
		{57ED7A73-D280-4FDC-AA61-B9412AF7FBE5}.Release|Any CPU.Build.0 = Release|Any CPU
	EndGlobalSection
	GlobalSection(SolutionProperties) = preSolution
		HideSolutionNode = FALSE
	EndGlobalSection
	GlobalSection(ExtensibilityGlobals) = postSolution
		SolutionGuid = {E5E07580-1712-4DA3-B558-6829143F6966}
	EndGlobalSection
EndGlobal
